
Microsoft Visual Studio Solution File, Format Version 12.00
# Visual Studio Version 16
VisualStudioVersion = 16.0.33801.447
MinimumVisualStudioVersion = 10.0.40219.1
Project("{FAE04EC0-301F-11D3-BF4B-00C04F79EFBC}") = "ConsoleApp5", "ConsoleApp5\ConsoleApp5.csproj", "{2054FBEA-C1B6-470E-9C73-6DEDE36F6B49}"
EndProject
Project("{FAE04EC0-301F-11D3-BF4B-00C04F79EFBC}") = "TestProject1", "TestProject1\TestProject1.csproj", "{E3FA368C-5EE7-45B6-B8DB-77123A652558}"
EndProject
Global
	GlobalSection(SolutionConfigurationPlatforms) = preSolution
		Debug|Any CPU = Debug|Any CPU
		Release|Any CPU = Release|Any CPU
	EndGlobalSection
	GlobalSection(ProjectConfigurationPlatforms) = postSolution
		{2054FBEA-C1B6-470E-9C73-6DEDE36F6B49}.Debug|Any CPU.ActiveCfg = Debug|Any CPU
		{2054FBEA-C1B6-470E-9C73-6DEDE36F6B49}.Debug|Any CPU.Build.0 = Debug|Any CPU
		{2054FBEA-C1B6-470E-9C73-6DEDE36F6B49}.Release|Any CPU.ActiveCfg = Release|Any CPU
		{2054FBEA-C1B6-470E-9C73-6DEDE36F6B49}.Release|Any CPU.Build.0 = Release|Any CPU
		{E3FA368C-5EE7-45B6-B8DB-77123A652558}.Debug|Any CPU.ActiveCfg = Debug|Any CPU
		{E3FA368C-5EE7-45B6-B8DB-77123A652558}.Debug|Any CPU.Build.0 = Debug|Any CPU
		{E3FA368C-5EE7-45B6-B8DB-77123A652558}.Release|Any CPU.ActiveCfg = Release|Any CPU
		{E3FA368C-5EE7-45B6-B8DB-77123A652558}.Release|Any CPU.Build.0 = Release|Any CPU
	EndGlobalSection
	GlobalSection(SolutionProperties) = preSolution
		HideSolutionNode = FALSE
	EndGlobalSection
	GlobalSection(ExtensibilityGlobals) = postSolution
		SolutionGuid = {30041749-01EC-4D31-8781-253AD50813BB}
	EndGlobalSection
EndGlobal
